
Microsoft Visual Studio Solution File, Format Version 11.00
# Visual C++ Express 2010
Project("{8BC9CEB8-8B4A-11D0-8D11-00A0C91BC942}") = "gossamer", "gossamer\gossamer.vcxproj", "{B7DBAE82-D89C-4714-978C-55623ABDE1E0}"
EndProject
Project("{8BC9CEB8-8B4A-11D0-8D11-00A0C91BC942}") = "goss", "goss\goss.vcxproj", "{0FD53857-ED81-4E87-802B-5EB1FDB22206}"
EndProject
Project("{8BC9CEB8-8B4A-11D0-8D11-00A0C91BC942}") = "gossapp", "gossapp\gossapp.vcxproj", "{7CF9F84E-08D2-40A2-B4EF-B13A3CDE7762}"
EndProject
Project("{8BC9CEB8-8B4A-11D0-8D11-00A0C91BC942}") = "gossple", "gossple\gossple.vcxproj", "{0320797E-A2E9-4AC9-B33E-6767FD5D1E67}"
EndProject
Project("{8BC9CEB8-8B4A-11D0-8D11-00A0C91BC942}") = "testall", "testall\testall.vcxproj", "{0897ACA0-5C0A-4A79-9D72-292BDA99790A}"
EndProject
Project("{8BC9CEB8-8B4A-11D0-8D11-00A0C91BC942}") = "xenome", "xenome\xenome.vcxproj", "{BBE10F6B-D247-4E7F-A295-7418A52DB1BE}"
EndProject
Project("{8BC9CEB8-8B4A-11D0-8D11-00A0C91BC942}") = "xenomeapp", "xenomeapp\xenomeapp.vcxproj", "{73E59FCF-6AF4-46DD-AC13-84BB691B656D}"
EndProject
Global
	GlobalSection(SolutionConfigurationPlatforms) = preSolution
		Debug|x64 = Debug|x64
		Release|x64 = Release|x64
	EndGlobalSection
	GlobalSection(ProjectConfigurationPlatforms) = postSolution
		{B7DBAE82-D89C-4714-978C-55623ABDE1E0}.Debug|x64.ActiveCfg = Debug|x64
		{B7DBAE82-D89C-4714-978C-55623ABDE1E0}.Debug|x64.Build.0 = Debug|x64
		{B7DBAE82-D89C-4714-978C-55623ABDE1E0}.Release|x64.ActiveCfg = Release|x64
		{B7DBAE82-D89C-4714-978C-55623ABDE1E0}.Release|x64.Build.0 = Release|x64
		{0FD53857-ED81-4E87-802B-5EB1FDB22206}.Debug|x64.ActiveCfg = Debug|x64
		{0FD53857-ED81-4E87-802B-5EB1FDB22206}.Debug|x64.Build.0 = Debug|x64
		{0FD53857-ED81-4E87-802B-5EB1FDB22206}.Release|x64.ActiveCfg = Release|x64
		{0FD53857-ED81-4E87-802B-5EB1FDB22206}.Release|x64.Build.0 = Release|x64
		{7CF9F84E-08D2-40A2-B4EF-B13A3CDE7762}.Debug|x64.ActiveCfg = Debug|x64
		{7CF9F84E-08D2-40A2-B4EF-B13A3CDE7762}.Debug|x64.Build.0 = Debug|x64
		{7CF9F84E-08D2-40A2-B4EF-B13A3CDE7762}.Release|x64.ActiveCfg = Release|x64
		{7CF9F84E-08D2-40A2-B4EF-B13A3CDE7762}.Release|x64.Build.0 = Release|x64
		{0320797E-A2E9-4AC9-B33E-6767FD5D1E67}.Debug|x64.ActiveCfg = Debug|x64
		{0320797E-A2E9-4AC9-B33E-6767FD5D1E67}.Debug|x64.Build.0 = Debug|x64
		{0320797E-A2E9-4AC9-B33E-6767FD5D1E67}.Release|x64.ActiveCfg = Release|x64
		{0320797E-A2E9-4AC9-B33E-6767FD5D1E67}.Release|x64.Build.0 = Release|x64
		{0897ACA0-5C0A-4A79-9D72-292BDA99790A}.Debug|x64.ActiveCfg = Debug|x64
		{0897ACA0-5C0A-4A79-9D72-292BDA99790A}.Debug|x64.Build.0 = Debug|x64
		{0897ACA0-5C0A-4A79-9D72-292BDA99790A}.Release|x64.ActiveCfg = Release|x64
		{0897ACA0-5C0A-4A79-9D72-292BDA99790A}.Release|x64.Build.0 = Release|x64
		{BBE10F6B-D247-4E7F-A295-7418A52DB1BE}.Debug|x64.ActiveCfg = Debug|x64
		{BBE10F6B-D247-4E7F-A295-7418A52DB1BE}.Debug|x64.Build.0 = Debug|x64
		{BBE10F6B-D247-4E7F-A295-7418A52DB1BE}.Release|x64.ActiveCfg = Release|x64
		{BBE10F6B-D247-4E7F-A295-7418A52DB1BE}.Release|x64.Build.0 = Release|x64
		{73E59FCF-6AF4-46DD-AC13-84BB691B656D}.Debug|x64.ActiveCfg = Debug|x64
		{73E59FCF-6AF4-46DD-AC13-84BB691B656D}.Debug|x64.Build.0 = Debug|x64
		{73E59FCF-6AF4-46DD-AC13-84BB691B656D}.Release|x64.ActiveCfg = Release|x64
		{73E59FCF-6AF4-46DD-AC13-84BB691B656D}.Release|x64.Build.0 = Release|x64
	EndGlobalSection
	GlobalSection(SolutionProperties) = preSolution
		HideSolutionNode = FALSE
	EndGlobalSection
EndGlobal
